// !$*UTF8*$!
{
	archiveVersion = 1;
	classes = {
	};
	objectVersion = 50;
	objects = {

/* Begin PBXBuildFile section */
		FC9AC16F2186DDBE00777912 /* AppDelegate.m in Sources */ = {isa = PBXBuildFile; fileRef = FC9AC16E2186DDBE00777912 /* AppDelegate.m */; };
		FC9AC1722186DDBE00777912 /* ViewController.m in Sources */ = {isa = PBXBuildFile; fileRef = FC9AC1712186DDBE00777912 /* ViewController.m */; };
		FC9AC1752186DDBE00777912 /* Main.storyboard in Resources */ = {isa = PBXBuildFile; fileRef = FC9AC1732186DDBE00777912 /* Main.storyboard */; };
		FC9AC1772186DDC000777912 /* Assets.xcassets in Resources */ = {isa = PBXBuildFile; fileRef = FC9AC1762186DDC000777912 /* Assets.xcassets */; };
		FC9AC17A2186DDC000777912 /* LaunchScreen.storyboard in Resources */ = {isa = PBXBuildFile; fileRef = FC9AC1782186DDC000777912 /* LaunchScreen.storyboard */; };
		FC9AC17D2186DDC000777912 /* main.m in Sources */ = {isa = PBXBuildFile; fileRef = FC9AC17C2186DDC000777912 /* main.m */; };
		FC9AC1872186DDC100777912 /* testOCTests.m in Sources */ = {isa = PBXBuildFile; fileRef = FC9AC1862186DDC100777912 /* testOCTests.m */; };
		FC9AC1922186DDC100777912 /* testOCUITests.m in Sources */ = {isa = PBXBuildFile; fileRef = FC9AC1912186DDC100777912 /* testOCUITests.m */; };
/* End PBXBuildFile section */

/* Begin PBXContainerItemProxy section */
		FC9AC1832186DDC100777912 /* PBXContainerItemProxy */ = {
			isa = PBXContainerItemProxy;
			containerPortal = FC9AC1622186DDBE00777912 /* Project object */;
			proxyType = 1;
			remoteGlobalIDString = FC9AC1692186DDBE00777912;
			remoteInfo = testOC;
		};
		FC9AC18E2186DDC100777912 /* PBXContainerItemProxy */ = {
			isa = PBXContainerItemProxy;
			containerPortal = FC9AC1622186DDBE00777912 /* Project object */;
			proxyType = 1;
			remoteGlobalIDString = FC9AC1692186DDBE00777912;
			remoteInfo = testOC;
		};
/* End PBXContainerItemProxy section */

/* Begin PBXFileReference section */
		FC9AC16A2186DDBE00777912 /* testOC.app */ = {isa = PBXFileReference; explicitFileType = wrapper.application; includeInIndex = 0; path = testOC.app; sourceTree = BUILT_PRODUCTS_DIR; };
		FC9AC16D2186DDBE00777912 /* AppDelegate.h */ = {isa = PBXFileReference; lastKnownFileType = sourcecode.c.h; path = AppDelegate.h; sourceTree = "<group>"; };
		FC9AC16E2186DDBE00777912 /* AppDelegate.m */ = {isa = PBXFileReference; lastKnownFileType = sourcecode.c.objc; path = AppDelegate.m; sourceTree = "<group>"; };
		FC9AC1702186DDBE00777912 /* ViewController.h */ = {isa = PBXFileReference; lastKnownFileType = sourcecode.c.h; path = ViewController.h; sourceTree = "<group>"; };
		FC9AC1712186DDBE00777912 /* ViewController.m */ = {isa = PBXFileReference; lastKnownFileType = sourcecode.c.objc; path = ViewController.m; sourceTree = "<group>"; };
		FC9AC1742186DDBE00777912 /* Base */ = {isa = PBXFileReference; lastKnownFileType = file.storyboard; name = Base; path = Base.lproj/Main.storyboard; sourceTree = "<group>"; };
		FC9AC1762186DDC000777912 /* Assets.xcassets */ = {isa = PBXFileReference; lastKnownFileType = folder.assetcatalog; path = Assets.xcassets; sourceTree = "<group>"; };
		FC9AC1792186DDC000777912 /* Base */ = {isa = PBXFileReference; lastKnownFileType = file.storyboard; name = Base; path = Base.lproj/LaunchScreen.storyboard; sourceTree = "<group>"; };
		FC9AC17B2186DDC000777912 /* Info.plist */ = {isa = PBXFileReference; lastKnownFileType = text.plist.xml; path = Info.plist; sourceTree = "<group>"; };
		FC9AC17C2186DDC000777912 /* main.m */ = {isa = PBXFileReference; lastKnownFileType = sourcecode.c.objc; path = main.m; sourceTree = "<group>"; };
		FC9AC1822186DDC100777912 /* testOCTests.xctest */ = {isa = PBXFileReference; explicitFileType = wrapper.cfbundle; includeInIndex = 0; path = testOCTests.xctest; sourceTree = BUILT_PRODUCTS_DIR; };
		FC9AC1862186DDC100777912 /* testOCTests.m */ = {isa = PBXFileReference; lastKnownFileType = sourcecode.c.objc; path = testOCTests.m; sourceTree = "<group>"; };
		FC9AC1882186DDC100777912 /* Info.plist */ = {isa = PBXFileReference; lastKnownFileType = text.plist.xml; path = Info.plist; sourceTree = "<group>"; };
		FC9AC18D2186DDC100777912 /* testOCUITests.xctest */ = {isa = PBXFileReference; explicitFileType = wrapper.cfbundle; includeInIndex = 0; path = testOCUITests.xctest; sourceTree = BUILT_PRODUCTS_DIR; };
		FC9AC1912186DDC100777912 /* testOCUITests.m */ = {isa = PBXFileReference; lastKnownFileType = sourcecode.c.objc; path = testOCUITests.m; sourceTree = "<group>"; };
		FC9AC1932186DDC100777912 /* Info.plist */ = {isa = PBXFileReference; lastKnownFileType = text.plist.xml; path = Info.plist; sourceTree = "<group>"; };
/* End PBXFileReference section */

/* Begin PBXFrameworksBuildPhase section */
		FC9AC1672186DDBE00777912 /* Frameworks */ = {
			isa = PBXFrameworksBuildPhase;
			buildActionMask = 2147483647;
			files = (
			);
			runOnlyForDeploymentPostprocessing = 0;
		};
		FC9AC17F2186DDC100777912 /* Frameworks */ = {
			isa = PBXFrameworksBuildPhase;
			buildActionMask = 2147483647;
			files = (
			);
			runOnlyForDeploymentPostprocessing = 0;
		};
		FC9AC18A2186DDC100777912 /* Frameworks */ = {
			isa = PBXFrameworksBuildPhase;
			buildActionMask = 2147483647;
			files = (
			);
			runOnlyForDeploymentPostprocessing = 0;
		};
/* End PBXFrameworksBuildPhase section */

/* Begin PBXGroup section */
		FC9AC1612186DDBE00777912 = {
			isa = PBXGroup;
			children = (
				FC9AC16C2186DDBE00777912 /* testOC */,
				FC9AC1852186DDC100777912 /* testOCTests */,
				FC9AC1902186DDC100777912 /* testOCUITests */,
				FC9AC16B2186DDBE00777912 /* Products */,
			);
			sourceTree = "<group>";
		};
		FC9AC16B2186DDBE00777912 /* Products */ = {
			isa = PBXGroup;
			children = (
				FC9AC16A2186DDBE00777912 /* testOC.app */,
				FC9AC1822186DDC100777912 /* testOCTests.xctest */,
				FC9AC18D2186DDC100777912 /* testOCUITests.xctest */,
			);
			name = Products;
			sourceTree = "<group>";
		};
		FC9AC16C2186DDBE00777912 /* testOC */ = {
			isa = PBXGroup;
			children = (
				FC9AC16D2186DDBE00777912 /* AppDelegate.h */,
				FC9AC16E2186DDBE00777912 /* AppDelegate.m */,
				FC9AC1702186DDBE00777912 /* ViewController.h */,
				FC9AC1712186DDBE00777912 /* ViewController.m */,
				FC9AC1732186DDBE00777912 /* Main.storyboard */,
				FC9AC1762186DDC000777912 /* Assets.xcassets */,
				FC9AC1782186DDC000777912 /* LaunchScreen.storyboard */,
				FC9AC17B2186DDC000777912 /* Info.plist */,
				FC9AC17C2186DDC000777912 /* main.m */,
			);
			path = testOC;
			sourceTree = "<group>";
		};
		FC9AC1852186DDC100777912 /* testOCTests */ = {
			isa = PBXGroup;
			children = (
				FC9AC1862186DDC100777912 /* testOCTests.m */,
				FC9AC1882186DDC100777912 /* Info.plist */,
			);
			path = testOCTests;
			sourceTree = "<group>";
		};
		FC9AC1902186DDC100777912 /* testOCUITests */ = {
			isa = PBXGroup;
			children = (
				FC9AC1912186DDC100777912 /* testOCUITests.m */,
				FC9AC1932186DDC100777912 /* Info.plist */,
			);
			path = testOCUITests;
			sourceTree = "<group>";
		};
/* End PBXGroup section */

/* Begin PBXNativeTarget section */
		FC9AC1692186DDBE00777912 /* testOC */ = {
			isa = PBXNativeTarget;
			buildConfigurationList = FC9AC1962186DDC100777912 /* Build configuration list for PBXNativeTarget "testOC" */;
			buildPhases = (
				FC9AC1662186DDBE00777912 /* Sources */,
				FC9AC1672186DDBE00777912 /* Frameworks */,
				FC9AC1682186DDBE00777912 /* Resources */,
			);
			buildRules = (
			);
			dependencies = (
			);
			name = testOC;
			productName = testOC;
			productReference = FC9AC16A2186DDBE00777912 /* testOC.app */;
			productType = "com.apple.product-type.application";
		};
		FC9AC1812186DDC100777912 /* testOCTests */ = {
			isa = PBXNativeTarget;
			buildConfigurationList = FC9AC1992186DDC100777912 /* Build configuration list for PBXNativeTarget "testOCTests" */;
			buildPhases = (
				FC9AC17E2186DDC100777912 /* Sources */,
				FC9AC17F2186DDC100777912 /* Frameworks */,
				FC9AC1802186DDC100777912 /* Resources */,
			);
			buildRules = (
			);
			dependencies = (
				FC9AC1842186DDC100777912 /* PBXTargetDependency */,
			);
			name = testOCTests;
			productName = testOCTests;
			productReference = FC9AC1822186DDC100777912 /* testOCTests.xctest */;
			productType = "com.apple.product-type.bundle.unit-test";
		};
		FC9AC18C2186DDC100777912 /* testOCUITests */ = {
			isa = PBXNativeTarget;
			buildConfigurationList = FC9AC19C2186DDC100777912 /* Build configuration list for PBXNativeTarget "testOCUITests" */;
			buildPhases = (
				FC9AC1892186DDC100777912 /* Sources */,
				FC9AC18A2186DDC100777912 /* Frameworks */,
				FC9AC18B2186DDC100777912 /* Resources */,
			);
			buildRules = (
			);
			dependencies = (
				FC9AC18F2186DDC100777912 /* PBXTargetDependency */,
			);
			name = testOCUITests;
			productName = testOCUITests;
			productReference = FC9AC18D2186DDC100777912 /* testOCUITests.xctest */;
			productType = "com.apple.product-type.bundle.ui-testing";
		};
/* End PBXNativeTarget section */

/* Begin PBXProject section */
		FC9AC1622186DDBE00777912 /* Project object */ = {
			isa = PBXProject;
			attributes = {
				LastUpgradeCheck = 1000;
				ORGANIZATIONNAME = "Dionysus Poon";
				TargetAttributes = {
					FC9AC1692186DDBE00777912 = {
						CreatedOnToolsVersion = 10.0;
					};
					FC9AC1812186DDC100777912 = {
						CreatedOnToolsVersion = 10.0;
						TestTargetID = FC9AC1692186DDBE00777912;
					};
					FC9AC18C2186DDC100777912 = {
						CreatedOnToolsVersion = 10.0;
						TestTargetID = FC9AC1692186DDBE00777912;
					};
				};
			};
			buildConfigurationList = FC9AC1652186DDBE00777912 /* Build configuration list for PBXProject "testOC" */;
			compatibilityVersion = "Xcode 9.3";
			developmentRegion = en;
			hasScannedForEncodings = 0;
			knownRegions = (
				en,
				Base,
			);
			mainGroup = FC9AC1612186DDBE00777912;
			productRefGroup = FC9AC16B2186DDBE00777912 /* Products */;
			projectDirPath = "";
			projectRoot = "";
			targets = (
				FC9AC1692186DDBE00777912 /* testOC */,
				FC9AC1812186DDC100777912 /* testOCTests */,
				FC9AC18C2186DDC100777912 /* testOCUITests */,
			);
		};
/* End PBXProject section */

/* Begin PBXResourcesBuildPhase section */
		FC9AC1682186DDBE00777912 /* Resources */ = {
			isa = PBXResourcesBuildPhase;
			buildActionMask = 2147483647;
			files = (
				FC9AC17A2186DDC000777912 /* LaunchScreen.storyboard in Resources */,
				FC9AC1772186DDC000777912 /* Assets.xcassets in Resources */,
				FC9AC1752186DDBE00777912 /* Main.storyboard in Resources */,
			);
			runOnlyForDeploymentPostprocessing = 0;
		};
		FC9AC1802186DDC100777912 /* Resources */ = {
			isa = PBXResourcesBuildPhase;
			buildActionMask = 2147483647;
			files = (
			);
			runOnlyForDeploymentPostprocessing = 0;
		};
		FC9AC18B2186DDC100777912 /* Resources */ = {
			isa = PBXResourcesBuildPhase;
			buildActionMask = 2147483647;
			files = (
			);
			runOnlyForDeploymentPostprocessing = 0;
		};
/* End PBXResourcesBuildPhase section */

/* Begin PBXSourcesBuildPhase section */
		FC9AC1662186DDBE00777912 /* Sources */ = {
			isa = PBXSourcesBuildPhase;
			buildActionMask = 2147483647;
			files = (
				FC9AC1722186DDBE00777912 /* ViewController.m in Sources */,
				FC9AC17D2186DDC000777912 /* main.m in Sources */,
				FC9AC16F2186DDBE00777912 /* AppDelegate.m in Sources */,
			);
			runOnlyForDeploymentPostprocessing = 0;
		};
		FC9AC17E2186DDC100777912 /* Sources */ = {
			isa = PBXSourcesBuildPhase;
			buildActionMask = 2147483647;
			files = (
				FC9AC1872186DDC100777912 /* testOCTests.m in Sources */,
			);
			runOnlyForDeploymentPostprocessing = 0;
		};
		FC9AC1892186DDC100777912 /* Sources */ = {
			isa = PBXSourcesBuildPhase;
			buildActionMask = 2147483647;
			files = (
				FC9AC1922186DDC100777912 /* testOCUITests.m in Sources */,
			);
			runOnlyForDeploymentPostprocessing = 0;
		};
/* End PBXSourcesBuildPhase section */

/* Begin PBXTargetDependency section */
		FC9AC1842186DDC100777912 /* PBXTargetDependency */ = {
			isa = PBXTargetDependency;
			target = FC9AC1692186DDBE00777912 /* testOC */;
			targetProxy = FC9AC1832186DDC100777912 /* PBXContainerItemProxy */;
		};
		FC9AC18F2186DDC100777912 /* PBXTargetDependency */ = {
			isa = PBXTargetDependency;
			target = FC9AC1692186DDBE00777912 /* testOC */;
			targetProxy = FC9AC18E2186DDC100777912 /* PBXContainerItemProxy */;
		};
/* End PBXTargetDependency section */

/* Begin PBXVariantGroup section */
		FC9AC1732186DDBE00777912 /* Main.storyboard */ = {
			isa = PBXVariantGroup;
			children = (
				FC9AC1742186DDBE00777912 /* Base */,
			);
			name = Main.storyboard;
			sourceTree = "<group>";
		};
		FC9AC1782186DDC000777912 /* LaunchScreen.storyboard */ = {
			isa = PBXVariantGroup;
			children = (
				FC9AC1792186DDC000777912 /* Base */,
			);
			name = LaunchScreen.storyboard;
			sourceTree = "<group>";
		};
/* End PBXVariantGroup section */

/* Begin XCBuildConfiguration section */
		FC9AC1942186DDC100777912 /* Debug */ = {
			isa = XCBuildConfiguration;
			buildSettings = {
				ALWAYS_SEARCH_USER_PATHS = NO;
				CLANG_ANALYZER_NONNULL = YES;
				CLANG_ANALYZER_NUMBER_OBJECT_CONVERSION = YES_AGGRESSIVE;
				CLANG_CXX_LANGUAGE_STANDARD = "gnu++14";
				CLANG_CXX_LIBRARY = "libc++";
				CLANG_ENABLE_MODULES = YES;
				CLANG_ENABLE_OBJC_ARC = YES;
				CLANG_ENABLE_OBJC_WEAK = YES;
				CLANG_WARN_BLOCK_CAPTURE_AUTORELEASING = YES;
				CLANG_WARN_BOOL_CONVERSION = YES;
				CLANG_WARN_COMMA = YES;
				CLANG_WARN_CONSTANT_CONVERSION = YES;
				CLANG_WARN_DEPRECATED_OBJC_IMPLEMENTATIONS = YES;
				CLANG_WARN_DIRECT_OBJC_ISA_USAGE = YES_ERROR;
				CLANG_WARN_DOCUMENTATION_COMMENTS = YES;
				CLANG_WARN_EMPTY_BODY = YES;
				CLANG_WARN_ENUM_CONVERSION = YES;
				CLANG_WARN_INFINITE_RECURSION = YES;
				CLANG_WARN_INT_CONVERSION = YES;
				CLANG_WARN_NON_LITERAL_NULL_CONVERSION = YES;
				CLANG_WARN_OBJC_IMPLICIT_RETAIN_SELF = YES;
				CLANG_WARN_OBJC_LITERAL_CONVERSION = YES;
				CLANG_WARN_OBJC_ROOT_CLASS = YES_ERROR;
				CLANG_WARN_RANGE_LOOP_ANALYSIS = YES;
				CLANG_WARN_STRICT_PROTOTYPES = YES;
				CLANG_WARN_SUSPICIOUS_MOVE = YES;
				CLANG_WARN_UNGUARDED_AVAILABILITY = YES_AGGRESSIVE;
				CLANG_WARN_UNREACHABLE_CODE = YES;
				CLANG_WARN__DUPLICATE_METHOD_MATCH = YES;
				CODE_SIGN_IDENTITY = "iPhone Developer";
				COPY_PHASE_STRIP = NO;
				DEBUG_INFORMATION_FORMAT = dwarf;
				ENABLE_STRICT_OBJC_MSGSEND = YES;
				ENABLE_TESTABILITY = YES;
				GCC_C_LANGUAGE_STANDARD = gnu11;
				GCC_DYNAMIC_NO_PIC = NO;
				GCC_NO_COMMON_BLOCKS = YES;
				GCC_OPTIMIZATION_LEVEL = 0;
				GCC_PREPROCESSOR_DEFINITIONS = (
					"DEBUG=1",
					"$(inherited)",
				);
				GCC_WARN_64_TO_32_BIT_CONVERSION = YES;
				GCC_WARN_ABOUT_RETURN_TYPE = YES_ERROR;
				GCC_WARN_UNDECLARED_SELECTOR = YES;
				GCC_WARN_UNINITIALIZED_AUTOS = YES_AGGRESSIVE;
				GCC_WARN_UNUSED_FUNCTION = YES;
				GCC_WARN_UNUSED_VARIABLE = YES;
				IPHONEOS_DEPLOYMENT_TARGET = 12.0;
				MTL_ENABLE_DEBUG_INFO = INCLUDE_SOURCE;
				MTL_FAST_MATH = YES;
				ONLY_ACTIVE_ARCH = YES;
				SDKROOT = iphoneos;
			};
			name = Debug;
		};
		FC9AC1952186DDC100777912 /* Release */ = {
			isa = XCBuildConfiguration;
			buildSettings = {
				ALWAYS_SEARCH_USER_PATHS = NO;
				CLANG_ANALYZER_NONNULL = YES;
				CLANG_ANALYZER_NUMBER_OBJECT_CONVERSION = YES_AGGRESSIVE;
				CLANG_CXX_LANGUAGE_STANDARD = "gnu++14";
				CLANG_CXX_LIBRARY = "libc++";
				CLANG_ENABLE_MODULES = YES;
				CLANG_ENABLE_OBJC_ARC = YES;
				CLANG_ENABLE_OBJC_WEAK = YES;
				CLANG_WARN_BLOCK_CAPTURE_AUTORELEASING = YES;
				CLANG_WARN_BOOL_CONVERSION = YES;
				CLANG_WARN_COMMA = YES;
				CLANG_WARN_CONSTANT_CONVERSION = YES;
				CLANG_WARN_DEPRECATED_OBJC_IMPLEMENTATIONS = YES;
				CLANG_WARN_DIRECT_OBJC_ISA_USAGE = YES_ERROR;
				CLANG_WARN_DOCUMENTATION_COMMENTS = YES;
				CLANG_WARN_EMPTY_BODY = YES;
				CLANG_WARN_ENUM_CONVERSION = YES;
				CLANG_WARN_INFINITE_RECURSION = YES;
				CLANG_WARN_INT_CONVERSION = YES;
				CLANG_WARN_NON_LITERAL_NULL_CONVERSION = YES;
				CLANG_WARN_OBJC_IMPLICIT_RETAIN_SELF = YES;
				CLANG_WARN_OBJC_LITERAL_CONVERSION = YES;
				CLANG_WARN_OBJC_ROOT_CLASS = YES_ERROR;
				CLANG_WARN_RANGE_LOOP_ANALYSIS = YES;
				CLANG_WARN_STRICT_PROTOTYPES = YES;
				CLANG_WARN_SUSPICIOUS_MOVE = YES;
				CLANG_WARN_UNGUARDED_AVAILABILITY = YES_AGGRESSIVE;
				CLANG_WARN_UNREACHABLE_CODE = YES;
				CLANG_WARN__DUPLICATE_METHOD_MATCH = YES;
				CODE_SIGN_IDENTITY = "iPhone Developer";
				COPY_PHASE_STRIP = NO;
				DEBUG_INFORMATION_FORMAT = "dwarf-with-dsym";
				ENABLE_NS_ASSERTIONS = NO;
				ENABLE_STRICT_OBJC_MSGSEND = YES;
				GCC_C_LANGUAGE_STANDARD = gnu11;
				GCC_NO_COMMON_BLOCKS = YES;
				GCC_WARN_64_TO_32_BIT_CONVERSION = YES;
				GCC_WARN_ABOUT_RETURN_TYPE = YES_ERROR;
				GCC_WARN_UNDECLARED_SELECTOR = YES;
				GCC_WARN_UNINITIALIZED_AUTOS = YES_AGGRESSIVE;
				GCC_WARN_UNUSED_FUNCTION = YES;
				GCC_WARN_UNUSED_VARIABLE = YES;
				IPHONEOS_DEPLOYMENT_TARGET = 12.0;
				MTL_ENABLE_DEBUG_INFO = NO;
				MTL_FAST_MATH = YES;
				SDKROOT = iphoneos;
				VALIDATE_PRODUCT = YES;
			};
			name = Release;
		};
		FC9AC1972186DDC100777912 /* Debug */ = {
			isa = XCBuildConfiguration;
			buildSettings = {
				ASSETCATALOG_COMPILER_APPICON_NAME = AppIcon;
				CODE_SIGN_STYLE = Automatic;
				DEVELOPMENT_TEAM = 7W8874LXK3;
				INFOPLIST_FILE = testOC/Info.plist;
				LD_RUNPATH_SEARCH_PATHS = (
					"$(inherited)",
					"@executable_path/Frameworks",
				);
				PRODUCT_BUNDLE_IDENTIFIER = testOC.testOC;
				PRODUCT_NAME = "$(TARGET_NAME)";
				TARGETED_DEVICE_FAMILY = "1,2";
			};
			name = Debug;
		};
		FC9AC1982186DDC100777912 /* Release */ = {
			isa = XCBuildConfiguration;
			buildSettings = {
				ASSETCATALOG_COMPILER_APPICON_NAME = AppIcon;
				CODE_SIGN_STYLE = Automatic;
				DEVELOPMENT_TEAM = 7W8874LXK3;
				INFOPLIST_FILE = testOC/Info.plist;
				LD_RUNPATH_SEARCH_PATHS = (
					"$(inherited)",
					"@executable_path/Frameworks",
				);
				PRODUCT_BUNDLE_IDENTIFIER = testOC.testOC;
				PRODUCT_NAME = "$(TARGET_NAME)";
				TARGETED_DEVICE_FAMILY = "1,2";
			};
			name = Release;
		};
		FC9AC19A2186DDC100777912 /* Debug */ = {
			isa = XCBuildConfiguration;
			buildSettings = {
				BUNDLE_LOADER = "$(TEST_HOST)";
				CODE_SIGN_STYLE = Automatic;
				DEVELOPMENT_TEAM = 7W8874LXK3;
				INFOPLIST_FILE = testOCTests/Info.plist;
				LD_RUNPATH_SEARCH_PATHS = (
					"$(inherited)",
					"@executable_path/Frameworks",
					"@loader_path/Frameworks",
				);
				PRODUCT_BUNDLE_IDENTIFIER = testOC.testOCTests;
				PRODUCT_NAME = "$(TARGET_NAME)";
				TARGETED_DEVICE_FAMILY = "1,2";
				TEST_HOST = "$(BUILT_PRODUCTS_DIR)/testOC.app/testOC";
			};
			name = Debug;
		};
		FC9AC19B2186DDC100777912 /* Release */ = {
			isa = XCBuildConfiguration;
			buildSettings = {
				BUNDLE_LOADER = "$(TEST_HOST)";
				CODE_SIGN_STYLE = Automatic;
				DEVELOPMENT_TEAM = 7W8874LXK3;
				INFOPLIST_FILE = testOCTests/Info.plist;
				LD_RUNPATH_SEARCH_PATHS = (
					"$(inherited)",
					"@executable_path/Frameworks",
					"@loader_path/Frameworks",
				);
				PRODUCT_BUNDLE_IDENTIFIER = testOC.testOCTests;
				PRODUCT_NAME = "$(TARGET_NAME)";
				TARGETED_DEVICE_FAMILY = "1,2";
				TEST_HOST = "$(BUILT_PRODUCTS_DIR)/testOC.app/testOC";
			};
			name = Release;
		};
		FC9AC19D2186DDC100777912 /* Debug */ = {
			isa = XCBuildConfiguration;
			buildSettings = {
				CODE_SIGN_STYLE = Automatic;
				DEVELOPMENT_TEAM = 7W8874LXK3;
				INFOPLIST_FILE = testOCUITests/Info.plist;
				LD_RUNPATH_SEARCH_PATHS = (
					"$(inherited)",
					"@executable_path/Frameworks",
					"@loader_path/Frameworks",
				);
				PRODUCT_BUNDLE_IDENTIFIER = testOC.testOCUITests;
				PRODUCT_NAME = "$(TARGET_NAME)";
				TARGETED_DEVICE_FAMILY = "1,2";
				TEST_TARGET_NAME = testOC;
			};
			name = Debug;
		};
		FC9AC19E2186DDC100777912 /* Release */ = {
			isa = XCBuildConfiguration;
			buildSettings = {
				CODE_SIGN_STYLE = Automatic;
				DEVELOPMENT_TEAM = 7W8874LXK3;
				INFOPLIST_FILE = testOCUITests/Info.plist;
				LD_RUNPATH_SEARCH_PATHS = (
					"$(inherited)",
					"@executable_path/Frameworks",
					"@loader_path/Frameworks",
				);
				PRODUCT_BUNDLE_IDENTIFIER = testOC.testOCUITests;
				PRODUCT_NAME = "$(TARGET_NAME)";
				TARGETED_DEVICE_FAMILY = "1,2";
				TEST_TARGET_NAME = testOC;
			};
			name = Release;
		};
/* End XCBuildConfiguration section */

/* Begin XCConfigurationList section */
		FC9AC1652186DDBE00777912 /* Build configuration list for PBXProject "testOC" */ = {
			isa = XCConfigurationList;
			buildConfigurations = (
				FC9AC1942186DDC100777912 /* Debug */,
				FC9AC1952186DDC100777912 /* Release */,
			);
			defaultConfigurationIsVisible = 0;
			defaultConfigurationName = Release;
		};
		FC9AC1962186DDC100777912 /* Build configuration list for PBXNativeTarget "testOC" */ = {
			isa = XCConfigurationList;
			buildConfigurations = (
				FC9AC1972186DDC100777912 /* Debug */,
				FC9AC1982186DDC100777912 /* Release */,
			);
			defaultConfigurationIsVisible = 0;
			defaultConfigurationName = Release;
		};
		FC9AC1992186DDC100777912 /* Build configuration list for PBXNativeTarget "testOCTests" */ = {
			isa = XCConfigurationList;
			buildConfigurations = (
				FC9AC19A2186DDC100777912 /* Debug */,
				FC9AC19B2186DDC100777912 /* Release */,
			);
			defaultConfigurationIsVisible = 0;
			defaultConfigurationName = Release;
		};
		FC9AC19C2186DDC100777912 /* Build configuration list for PBXNativeTarget "testOCUITests" */ = {
			isa = XCConfigurationList;
			buildConfigurations = (
				FC9AC19D2186DDC100777912 /* Debug */,
				FC9AC19E2186DDC100777912 /* Release */,
			);
			defaultConfigurationIsVisible = 0;
			defaultConfigurationName = Release;
		};
/* End XCConfigurationList section */
	};
	rootObject = FC9AC1622186DDBE00777912 /* Project object */;
}
